
Microsoft Visual Studio Solution File, Format Version 12.00
# Visual Studio Version 17
VisualStudioVersion = 17.7.34024.191
MinimumVisualStudioVersion = 10.0.40219.1
Project("{FAE04EC0-301F-11D3-BF4B-00C04F79EFBC}") = "7DTD_UpdateNotifier", "7DTD_UpdateNotifier\7DTD_UpdateNotifier.csproj", "{E7279CFE-9A1E-4F61-8340-72FDEA60E795}"
EndProject
Global
	GlobalSection(SolutionConfigurationPlatforms) = preSolution
		Debug|Any CPU = Debug|Any CPU
		Release|Any CPU = Release|Any CPU
	EndGlobalSection
	GlobalSection(ProjectConfigurationPlatforms) = postSolution
		{E7279CFE-9A1E-4F61-8340-72FDEA60E795}.Debug|Any CPU.ActiveCfg = Debug|Any CPU
		{E7279CFE-9A1E-4F61-8340-72FDEA60E795}.Debug|Any CPU.Build.0 = Debug|Any CPU
		{E7279CFE-9A1E-4F61-8340-72FDEA60E795}.Release|Any CPU.ActiveCfg = Release|Any CPU
		{E7279CFE-9A1E-4F61-8340-72FDEA60E795}.Release|Any CPU.Build.0 = Release|Any CPU
	EndGlobalSection
	GlobalSection(SolutionProperties) = preSolution
		HideSolutionNode = FALSE
	EndGlobalSection
	GlobalSection(ExtensibilityGlobals) = postSolution
		SolutionGuid = {19A25B06-4659-4978-8969-6BE354DE57E3}
	EndGlobalSection
EndGlobal
